
Microsoft Visual Studio Solution File, Format Version 12.00
# Visual Studio Version 16
VisualStudioVersion = 16.0.30523.141
MinimumVisualStudioVersion = 10.0.40219.1
Project("{FAE04EC0-301F-11D3-BF4B-00C04F79EFBC}") = "PruebaDataSoft", "PruebaDataSoft\PruebaDataSoft.csproj", "{871061A9-9E37-4047-9D5A-429A008B467E}"
EndProject
Project("{FAE04EC0-301F-11D3-BF4B-00C04F79EFBC}") = "DATOS", "DATOS\DATOS.csproj", "{B9BA3F91-DC7F-4618-80FA-EE3CCD6FD4E8}"
EndProject
Project("{FAE04EC0-301F-11D3-BF4B-00C04F79EFBC}") = "ENTIDAD", "ENTIDAD\ENTIDAD.csproj", "{A26CF803-41D7-43A1-A67E-6C8B744B85BE}"
EndProject
Project("{FAE04EC0-301F-11D3-BF4B-00C04F79EFBC}") = "NEGOCIO", "NEGOCIO\NEGOCIO.csproj", "{D9925834-99C1-4777-8DA0-81A3272F5376}"
EndProject
Global
	GlobalSection(SolutionConfigurationPlatforms) = preSolution
		Debug|Any CPU = Debug|Any CPU
		Release|Any CPU = Release|Any CPU
	EndGlobalSection
	GlobalSection(ProjectConfigurationPlatforms) = postSolution
		{871061A9-9E37-4047-9D5A-429A008B467E}.Debug|Any CPU.ActiveCfg = Debug|Any CPU
		{871061A9-9E37-4047-9D5A-429A008B467E}.Debug|Any CPU.Build.0 = Debug|Any CPU
		{871061A9-9E37-4047-9D5A-429A008B467E}.Release|Any CPU.ActiveCfg = Release|Any CPU
		{871061A9-9E37-4047-9D5A-429A008B467E}.Release|Any CPU.Build.0 = Release|Any CPU
		{B9BA3F91-DC7F-4618-80FA-EE3CCD6FD4E8}.Debug|Any CPU.ActiveCfg = Debug|Any CPU
		{B9BA3F91-DC7F-4618-80FA-EE3CCD6FD4E8}.Debug|Any CPU.Build.0 = Debug|Any CPU
		{B9BA3F91-DC7F-4618-80FA-EE3CCD6FD4E8}.Release|Any CPU.ActiveCfg = Release|Any CPU
		{B9BA3F91-DC7F-4618-80FA-EE3CCD6FD4E8}.Release|Any CPU.Build.0 = Release|Any CPU
		{A26CF803-41D7-43A1-A67E-6C8B744B85BE}.Debug|Any CPU.ActiveCfg = Debug|Any CPU
		{A26CF803-41D7-43A1-A67E-6C8B744B85BE}.Debug|Any CPU.Build.0 = Debug|Any CPU
		{A26CF803-41D7-43A1-A67E-6C8B744B85BE}.Release|Any CPU.ActiveCfg = Release|Any CPU
		{A26CF803-41D7-43A1-A67E-6C8B744B85BE}.Release|Any CPU.Build.0 = Release|Any CPU
		{D9925834-99C1-4777-8DA0-81A3272F5376}.Debug|Any CPU.ActiveCfg = Debug|Any CPU
		{D9925834-99C1-4777-8DA0-81A3272F5376}.Debug|Any CPU.Build.0 = Debug|Any CPU
		{D9925834-99C1-4777-8DA0-81A3272F5376}.Release|Any CPU.ActiveCfg = Release|Any CPU
		{D9925834-99C1-4777-8DA0-81A3272F5376}.Release|Any CPU.Build.0 = Release|Any CPU
	EndGlobalSection
	GlobalSection(SolutionProperties) = preSolution
		HideSolutionNode = FALSE
	EndGlobalSection
	GlobalSection(ExtensibilityGlobals) = postSolution
		SolutionGuid = {1017E5F0-215B-4E36-849C-753F2DECF9C3}
	EndGlobalSection
EndGlobal
